
Microsoft Visual Studio Solution File, Format Version 12.00
# Visual Studio Version 17
VisualStudioVersion = 17.5.002.0
MinimumVisualStudioVersion = 10.0.40219.1
Project("{9A19103F-16F7-4668-BE54-9A1E7A4F7556}") = "appium139", "appium139.csproj", "{38421D11-216D-4FCA-B0D5-A99ACE7ACA96}"
EndProject
Global
	GlobalSection(SolutionConfigurationPlatforms) = preSolution
		Debug|Any CPU = Debug|Any CPU
		Release|Any CPU = Release|Any CPU
	EndGlobalSection
	GlobalSection(ProjectConfigurationPlatforms) = postSolution
		{38421D11-216D-4FCA-B0D5-A99ACE7ACA96}.Debug|Any CPU.ActiveCfg = Debug|Any CPU
		{38421D11-216D-4FCA-B0D5-A99ACE7ACA96}.Debug|Any CPU.Build.0 = Debug|Any CPU
		{38421D11-216D-4FCA-B0D5-A99ACE7ACA96}.Release|Any CPU.ActiveCfg = Release|Any CPU
		{38421D11-216D-4FCA-B0D5-A99ACE7ACA96}.Release|Any CPU.Build.0 = Release|Any CPU
	EndGlobalSection
	GlobalSection(SolutionProperties) = preSolution
		HideSolutionNode = FALSE
	EndGlobalSection
	GlobalSection(ExtensibilityGlobals) = postSolution
		SolutionGuid = {8AED4813-F8D7-4ED8-AD88-9DAB44B91948}
	EndGlobalSection
EndGlobal
